
Microsoft Visual Studio Solution File, Format Version 12.00
# Visual Studio 15
VisualStudioVersion = 15.0.27130.2036
MinimumVisualStudioVersion = 10.0.40219.1
Project("{FAE04EC0-301F-11D3-BF4B-00C04F79EFBC}") = "Backend", "backend_api\Backend.csproj", "{3D2117A3-9A86-4104-93C7-205A86F917D5}"
EndProject
Project("{FAE04EC0-301F-11D3-BF4B-00C04F79EFBC}") = "BackEnd.Tests", "BackEnd.Tests\BackEnd.Tests.csproj", "{363A0325-7C39-46AB-A9AF-CE515E7F5468}"
EndProject
Global
	GlobalSection(SolutionConfigurationPlatforms) = preSolution
		Debug|Any CPU = Debug|Any CPU
		Debug|x86 = Debug|x86
		Release|Any CPU = Release|Any CPU
		Release|x86 = Release|x86
	EndGlobalSection
	GlobalSection(ProjectConfigurationPlatforms) = postSolution
		{3D2117A3-9A86-4104-93C7-205A86F917D5}.Debug|Any CPU.ActiveCfg = Debug|Any CPU
		{3D2117A3-9A86-4104-93C7-205A86F917D5}.Debug|Any CPU.Build.0 = Debug|Any CPU
		{3D2117A3-9A86-4104-93C7-205A86F917D5}.Debug|x86.ActiveCfg = Debug|x86
		{3D2117A3-9A86-4104-93C7-205A86F917D5}.Debug|x86.Build.0 = Debug|x86
		{3D2117A3-9A86-4104-93C7-205A86F917D5}.Release|Any CPU.ActiveCfg = Release|Any CPU
		{3D2117A3-9A86-4104-93C7-205A86F917D5}.Release|Any CPU.Build.0 = Release|Any CPU
		{3D2117A3-9A86-4104-93C7-205A86F917D5}.Release|x86.ActiveCfg = Release|x86
		{3D2117A3-9A86-4104-93C7-205A86F917D5}.Release|x86.Build.0 = Release|x86
		{363A0325-7C39-46AB-A9AF-CE515E7F5468}.Debug|Any CPU.ActiveCfg = Debug|Any CPU
		{363A0325-7C39-46AB-A9AF-CE515E7F5468}.Debug|Any CPU.Build.0 = Debug|Any CPU
		{363A0325-7C39-46AB-A9AF-CE515E7F5468}.Debug|x86.ActiveCfg = Debug|Any CPU
		{363A0325-7C39-46AB-A9AF-CE515E7F5468}.Debug|x86.Build.0 = Debug|Any CPU
		{363A0325-7C39-46AB-A9AF-CE515E7F5468}.Release|Any CPU.ActiveCfg = Release|Any CPU
		{363A0325-7C39-46AB-A9AF-CE515E7F5468}.Release|Any CPU.Build.0 = Release|Any CPU
		{363A0325-7C39-46AB-A9AF-CE515E7F5468}.Release|x86.ActiveCfg = Release|Any CPU
		{363A0325-7C39-46AB-A9AF-CE515E7F5468}.Release|x86.Build.0 = Release|Any CPU
	EndGlobalSection
	GlobalSection(SolutionProperties) = preSolution
		HideSolutionNode = FALSE
	EndGlobalSection
	GlobalSection(ExtensibilityGlobals) = postSolution
		SolutionGuid = {3AA19807-247C-48C8-8B00-60D1F977B1C0}
		EnterpriseLibraryConfigurationToolBinariesPath = packages\Unity.2.1.505.0\lib\NET35
		EnterpriseLibraryConfigurationToolBinariesPathV6 = packages\EnterpriseLibrary.Common.6.0.1304.0\lib\NET45
	EndGlobalSection
EndGlobal
